// !$*UTF8*$!
{
	archiveVersion = 1;
	classes = {
	};
	objectVersion = 50;
	objects = {

/* Begin PBXBuildFile section */
		D30F144E21F40D9D00C26EF5 /* AppDelegate.swift in Sources */ = {isa = PBXBuildFile; fileRef = D30F144D21F40D9D00C26EF5 /* AppDelegate.swift */; };
		D30F145021F40D9D00C26EF5 /* ViewController.swift in Sources */ = {isa = PBXBuildFile; fileRef = D30F144F21F40D9D00C26EF5 /* ViewController.swift */; };
		D30F145321F40D9D00C26EF5 /* Main.storyboard in Resources */ = {isa = PBXBuildFile; fileRef = D30F145121F40D9D00C26EF5 /* Main.storyboard */; };
		D30F145521F40D9F00C26EF5 /* Assets.xcassets in Resources */ = {isa = PBXBuildFile; fileRef = D30F145421F40D9F00C26EF5 /* Assets.xcassets */; };
		D30F145821F40D9F00C26EF5 /* LaunchScreen.storyboard in Resources */ = {isa = PBXBuildFile; fileRef = D30F145621F40D9F00C26EF5 /* LaunchScreen.storyboard */; };
		D30F146321F40DA000C26EF5 /* SampleProject_PresentationControllerTests.swift in Sources */ = {isa = PBXBuildFile; fileRef = D30F146221F40DA000C26EF5 /* SampleProject_PresentationControllerTests.swift */; };
		D30F146E21F40DA000C26EF5 /* SampleProject_PresentationControllerUITests.swift in Sources */ = {isa = PBXBuildFile; fileRef = D30F146D21F40DA000C26EF5 /* SampleProject_PresentationControllerUITests.swift */; };
		D30F147C21F40E7F00C26EF5 /* ModalViewController.swift in Sources */ = {isa = PBXBuildFile; fileRef = D30F147B21F40E7F00C26EF5 /* ModalViewController.swift */; };
		D30F148021F4100600C26EF5 /* PresentationController.swift in Sources */ = {isa = PBXBuildFile; fileRef = D30F147F21F4100600C26EF5 /* PresentationController.swift */; };
		D30F148221F4154F00C26EF5 /* NavigationController.swift in Sources */ = {isa = PBXBuildFile; fileRef = D30F148121F4154F00C26EF5 /* NavigationController.swift */; };
		D30F148421F416B600C26EF5 /* ModalSecondViewController.swift in Sources */ = {isa = PBXBuildFile; fileRef = D30F148321F416B600C26EF5 /* ModalSecondViewController.swift */; };
/* End PBXBuildFile section */

/* Begin PBXContainerItemProxy section */
		D30F145F21F40DA000C26EF5 /* PBXContainerItemProxy */ = {
			isa = PBXContainerItemProxy;
			containerPortal = D30F144221F40D9D00C26EF5 /* Project object */;
			proxyType = 1;
			remoteGlobalIDString = D30F144921F40D9D00C26EF5;
			remoteInfo = SampleProject_PresentationController;
		};
		D30F146A21F40DA000C26EF5 /* PBXContainerItemProxy */ = {
			isa = PBXContainerItemProxy;
			containerPortal = D30F144221F40D9D00C26EF5 /* Project object */;
			proxyType = 1;
			remoteGlobalIDString = D30F144921F40D9D00C26EF5;
			remoteInfo = SampleProject_PresentationController;
		};
/* End PBXContainerItemProxy section */

/* Begin PBXFileReference section */
		D30F144A21F40D9D00C26EF5 /* SampleProject_PresentationController.app */ = {isa = PBXFileReference; explicitFileType = wrapper.application; includeInIndex = 0; path = SampleProject_PresentationController.app; sourceTree = BUILT_PRODUCTS_DIR; };
		D30F144D21F40D9D00C26EF5 /* AppDelegate.swift */ = {isa = PBXFileReference; lastKnownFileType = sourcecode.swift; path = AppDelegate.swift; sourceTree = "<group>"; };
		D30F144F21F40D9D00C26EF5 /* ViewController.swift */ = {isa = PBXFileReference; lastKnownFileType = sourcecode.swift; path = ViewController.swift; sourceTree = "<group>"; };
		D30F145221F40D9D00C26EF5 /* Base */ = {isa = PBXFileReference; lastKnownFileType = file.storyboard; name = Base; path = Base.lproj/Main.storyboard; sourceTree = "<group>"; };
		D30F145421F40D9F00C26EF5 /* Assets.xcassets */ = {isa = PBXFileReference; lastKnownFileType = folder.assetcatalog; path = Assets.xcassets; sourceTree = "<group>"; };
		D30F145721F40D9F00C26EF5 /* Base */ = {isa = PBXFileReference; lastKnownFileType = file.storyboard; name = Base; path = Base.lproj/LaunchScreen.storyboard; sourceTree = "<group>"; };
		D30F145921F40D9F00C26EF5 /* Info.plist */ = {isa = PBXFileReference; lastKnownFileType = text.plist.xml; path = Info.plist; sourceTree = "<group>"; };
		D30F145E21F40DA000C26EF5 /* SampleProject_PresentationControllerTests.xctest */ = {isa = PBXFileReference; explicitFileType = wrapper.cfbundle; includeInIndex = 0; path = SampleProject_PresentationControllerTests.xctest; sourceTree = BUILT_PRODUCTS_DIR; };
		D30F146221F40DA000C26EF5 /* SampleProject_PresentationControllerTests.swift */ = {isa = PBXFileReference; lastKnownFileType = sourcecode.swift; path = SampleProject_PresentationControllerTests.swift; sourceTree = "<group>"; };
		D30F146421F40DA000C26EF5 /* Info.plist */ = {isa = PBXFileReference; lastKnownFileType = text.plist.xml; path = Info.plist; sourceTree = "<group>"; };
		D30F146921F40DA000C26EF5 /* SampleProject_PresentationControllerUITests.xctest */ = {isa = PBXFileReference; explicitFileType = wrapper.cfbundle; includeInIndex = 0; path = SampleProject_PresentationControllerUITests.xctest; sourceTree = BUILT_PRODUCTS_DIR; };
		D30F146D21F40DA000C26EF5 /* SampleProject_PresentationControllerUITests.swift */ = {isa = PBXFileReference; lastKnownFileType = sourcecode.swift; path = SampleProject_PresentationControllerUITests.swift; sourceTree = "<group>"; };
		D30F146F21F40DA000C26EF5 /* Info.plist */ = {isa = PBXFileReference; lastKnownFileType = text.plist.xml; path = Info.plist; sourceTree = "<group>"; };
		D30F147B21F40E7F00C26EF5 /* ModalViewController.swift */ = {isa = PBXFileReference; lastKnownFileType = sourcecode.swift; path = ModalViewController.swift; sourceTree = "<group>"; };
		D30F147F21F4100600C26EF5 /* PresentationController.swift */ = {isa = PBXFileReference; fileEncoding = 4; lastKnownFileType = sourcecode.swift; path = PresentationController.swift; sourceTree = "<group>"; };
		D30F148121F4154F00C26EF5 /* NavigationController.swift */ = {isa = PBXFileReference; lastKnownFileType = sourcecode.swift; path = NavigationController.swift; sourceTree = "<group>"; };
		D30F148321F416B600C26EF5 /* ModalSecondViewController.swift */ = {isa = PBXFileReference; lastKnownFileType = sourcecode.swift; path = ModalSecondViewController.swift; sourceTree = "<group>"; };
/* End PBXFileReference section */

/* Begin PBXFrameworksBuildPhase section */
		D30F144721F40D9D00C26EF5 /* Frameworks */ = {
			isa = PBXFrameworksBuildPhase;
			buildActionMask = 2147483647;
			files = (
			);
			runOnlyForDeploymentPostprocessing = 0;
		};
		D30F145B21F40DA000C26EF5 /* Frameworks */ = {
			isa = PBXFrameworksBuildPhase;
			buildActionMask = 2147483647;
			files = (
			);
			runOnlyForDeploymentPostprocessing = 0;
		};
		D30F146621F40DA000C26EF5 /* Frameworks */ = {
			isa = PBXFrameworksBuildPhase;
			buildActionMask = 2147483647;
			files = (
			);
			runOnlyForDeploymentPostprocessing = 0;
		};
/* End PBXFrameworksBuildPhase section */

/* Begin PBXGroup section */
		D30F144121F40D9D00C26EF5 = {
			isa = PBXGroup;
			children = (
				D30F144C21F40D9D00C26EF5 /* SampleProject_PresentationController */,
				D30F146121F40DA000C26EF5 /* SampleProject_PresentationControllerTests */,
				D30F146C21F40DA000C26EF5 /* SampleProject_PresentationControllerUITests */,
				D30F144B21F40D9D00C26EF5 /* Products */,
			);
			sourceTree = "<group>";
		};
		D30F144B21F40D9D00C26EF5 /* Products */ = {
			isa = PBXGroup;
			children = (
				D30F144A21F40D9D00C26EF5 /* SampleProject_PresentationController.app */,
				D30F145E21F40DA000C26EF5 /* SampleProject_PresentationControllerTests.xctest */,
				D30F146921F40DA000C26EF5 /* SampleProject_PresentationControllerUITests.xctest */,
			);
			name = Products;
			sourceTree = "<group>";
		};
		D30F144C21F40D9D00C26EF5 /* SampleProject_PresentationController */ = {
			isa = PBXGroup;
			children = (
				D30F145921F40D9F00C26EF5 /* Info.plist */,
				D30F144D21F40D9D00C26EF5 /* AppDelegate.swift */,
				D30F148321F416B600C26EF5 /* ModalSecondViewController.swift */,
				D30F147B21F40E7F00C26EF5 /* ModalViewController.swift */,
				D30F148121F4154F00C26EF5 /* NavigationController.swift */,
				D30F147F21F4100600C26EF5 /* PresentationController.swift */,
				D30F144F21F40D9D00C26EF5 /* ViewController.swift */,
				D30F145421F40D9F00C26EF5 /* Assets.xcassets */,
				D30F145621F40D9F00C26EF5 /* LaunchScreen.storyboard */,
				D30F145121F40D9D00C26EF5 /* Main.storyboard */,
			);
			path = SampleProject_PresentationController;
			sourceTree = "<group>";
		};
		D30F146121F40DA000C26EF5 /* SampleProject_PresentationControllerTests */ = {
			isa = PBXGroup;
			children = (
				D30F146221F40DA000C26EF5 /* SampleProject_PresentationControllerTests.swift */,
				D30F146421F40DA000C26EF5 /* Info.plist */,
			);
			path = SampleProject_PresentationControllerTests;
			sourceTree = "<group>";
		};
		D30F146C21F40DA000C26EF5 /* SampleProject_PresentationControllerUITests */ = {
			isa = PBXGroup;
			children = (
				D30F146D21F40DA000C26EF5 /* SampleProject_PresentationControllerUITests.swift */,
				D30F146F21F40DA000C26EF5 /* Info.plist */,
			);
			path = SampleProject_PresentationControllerUITests;
			sourceTree = "<group>";
		};
/* End PBXGroup section */

/* Begin PBXNativeTarget section */
		D30F144921F40D9D00C26EF5 /* SampleProject_PresentationController */ = {
			isa = PBXNativeTarget;
			buildConfigurationList = D30F147221F40DA000C26EF5 /* Build configuration list for PBXNativeTarget "SampleProject_PresentationController" */;
			buildPhases = (
				D30F144621F40D9D00C26EF5 /* Sources */,
				D30F144721F40D9D00C26EF5 /* Frameworks */,
				D30F144821F40D9D00C26EF5 /* Resources */,
			);
			buildRules = (
			);
			dependencies = (
			);
			name = SampleProject_PresentationController;
			productName = SampleProject_PresentationController;
			productReference = D30F144A21F40D9D00C26EF5 /* SampleProject_PresentationController.app */;
			productType = "com.apple.product-type.application";
		};
		D30F145D21F40DA000C26EF5 /* SampleProject_PresentationControllerTests */ = {
			isa = PBXNativeTarget;
			buildConfigurationList = D30F147521F40DA000C26EF5 /* Build configuration list for PBXNativeTarget "SampleProject_PresentationControllerTests" */;
			buildPhases = (
				D30F145A21F40DA000C26EF5 /* Sources */,
				D30F145B21F40DA000C26EF5 /* Frameworks */,
				D30F145C21F40DA000C26EF5 /* Resources */,
			);
			buildRules = (
			);
			dependencies = (
				D30F146021F40DA000C26EF5 /* PBXTargetDependency */,
			);
			name = SampleProject_PresentationControllerTests;
			productName = SampleProject_PresentationControllerTests;
			productReference = D30F145E21F40DA000C26EF5 /* SampleProject_PresentationControllerTests.xctest */;
			productType = "com.apple.product-type.bundle.unit-test";
		};
		D30F146821F40DA000C26EF5 /* SampleProject_PresentationControllerUITests */ = {
			isa = PBXNativeTarget;
			buildConfigurationList = D30F147821F40DA000C26EF5 /* Build configuration list for PBXNativeTarget "SampleProject_PresentationControllerUITests" */;
			buildPhases = (
				D30F146521F40DA000C26EF5 /* Sources */,
				D30F146621F40DA000C26EF5 /* Frameworks */,
				D30F146721F40DA000C26EF5 /* Resources */,
			);
			buildRules = (
			);
			dependencies = (
				D30F146B21F40DA000C26EF5 /* PBXTargetDependency */,
			);
			name = SampleProject_PresentationControllerUITests;
			productName = SampleProject_PresentationControllerUITests;
			productReference = D30F146921F40DA000C26EF5 /* SampleProject_PresentationControllerUITests.xctest */;
			productType = "com.apple.product-type.bundle.ui-testing";
		};
/* End PBXNativeTarget section */

/* Begin PBXProject section */
		D30F144221F40D9D00C26EF5 /* Project object */ = {
			isa = PBXProject;
			attributes = {
				LastSwiftUpdateCheck = 1010;
				LastUpgradeCheck = 1010;
				ORGANIZATIONNAME = "Fumiya Tanaka";
				TargetAttributes = {
					D30F144921F40D9D00C26EF5 = {
						CreatedOnToolsVersion = 10.1;
					};
					D30F145D21F40DA000C26EF5 = {
						CreatedOnToolsVersion = 10.1;
						TestTargetID = D30F144921F40D9D00C26EF5;
					};
					D30F146821F40DA000C26EF5 = {
						CreatedOnToolsVersion = 10.1;
						TestTargetID = D30F144921F40D9D00C26EF5;
					};
				};
			};
			buildConfigurationList = D30F144521F40D9D00C26EF5 /* Build configuration list for PBXProject "SampleProject_PresentationController" */;
			compatibilityVersion = "Xcode 9.3";
			developmentRegion = en;
			hasScannedForEncodings = 0;
			knownRegions = (
				en,
				Base,
			);
			mainGroup = D30F144121F40D9D00C26EF5;
			productRefGroup = D30F144B21F40D9D00C26EF5 /* Products */;
			projectDirPath = "";
			projectRoot = "";
			targets = (
				D30F144921F40D9D00C26EF5 /* SampleProject_PresentationController */,
				D30F145D21F40DA000C26EF5 /* SampleProject_PresentationControllerTests */,
				D30F146821F40DA000C26EF5 /* SampleProject_PresentationControllerUITests */,
			);
		};
/* End PBXProject section */

/* Begin PBXResourcesBuildPhase section */
		D30F144821F40D9D00C26EF5 /* Resources */ = {
			isa = PBXResourcesBuildPhase;
			buildActionMask = 2147483647;
			files = (
				D30F145821F40D9F00C26EF5 /* LaunchScreen.storyboard in Resources */,
				D30F145521F40D9F00C26EF5 /* Assets.xcassets in Resources */,
				D30F145321F40D9D00C26EF5 /* Main.storyboard in Resources */,
			);
			runOnlyForDeploymentPostprocessing = 0;
		};
		D30F145C21F40DA000C26EF5 /* Resources */ = {
			isa = PBXResourcesBuildPhase;
			buildActionMask = 2147483647;
			files = (
			);
			runOnlyForDeploymentPostprocessing = 0;
		};
		D30F146721F40DA000C26EF5 /* Resources */ = {
			isa = PBXResourcesBuildPhase;
			buildActionMask = 2147483647;
			files = (
			);
			runOnlyForDeploymentPostprocessing = 0;
		};
/* End PBXResourcesBuildPhase section */

/* Begin PBXSourcesBuildPhase section */
		D30F144621F40D9D00C26EF5 /* Sources */ = {
			isa = PBXSourcesBuildPhase;
			buildActionMask = 2147483647;
			files = (
				D30F148021F4100600C26EF5 /* PresentationController.swift in Sources */,
				D30F145021F40D9D00C26EF5 /* ViewController.swift in Sources */,
				D30F148421F416B600C26EF5 /* ModalSecondViewController.swift in Sources */,
				D30F148221F4154F00C26EF5 /* NavigationController.swift in Sources */,
				D30F147C21F40E7F00C26EF5 /* ModalViewController.swift in Sources */,
				D30F144E21F40D9D00C26EF5 /* AppDelegate.swift in Sources */,
			);
			runOnlyForDeploymentPostprocessing = 0;
		};
		D30F145A21F40DA000C26EF5 /* Sources */ = {
			isa = PBXSourcesBuildPhase;
			buildActionMask = 2147483647;
			files = (
				D30F146321F40DA000C26EF5 /* SampleProject_PresentationControllerTests.swift in Sources */,
			);
			runOnlyForDeploymentPostprocessing = 0;
		};
		D30F146521F40DA000C26EF5 /* Sources */ = {
			isa = PBXSourcesBuildPhase;
			buildActionMask = 2147483647;
			files = (
				D30F146E21F40DA000C26EF5 /* SampleProject_PresentationControllerUITests.swift in Sources */,
			);
			runOnlyForDeploymentPostprocessing = 0;
		};
/* End PBXSourcesBuildPhase section */

/* Begin PBXTargetDependency section */
		D30F146021F40DA000C26EF5 /* PBXTargetDependency */ = {
			isa = PBXTargetDependency;
			target = D30F144921F40D9D00C26EF5 /* SampleProject_PresentationController */;
			targetProxy = D30F145F21F40DA000C26EF5 /* PBXContainerItemProxy */;
		};
		D30F146B21F40DA000C26EF5 /* PBXTargetDependency */ = {
			isa = PBXTargetDependency;
			target = D30F144921F40D9D00C26EF5 /* SampleProject_PresentationController */;
			targetProxy = D30F146A21F40DA000C26EF5 /* PBXContainerItemProxy */;
		};
/* End PBXTargetDependency section */

/* Begin PBXVariantGroup section */
		D30F145121F40D9D00C26EF5 /* Main.storyboard */ = {
			isa = PBXVariantGroup;
			children = (
				D30F145221F40D9D00C26EF5 /* Base */,
			);
			name = Main.storyboard;
			sourceTree = "<group>";
		};
		D30F145621F40D9F00C26EF5 /* LaunchScreen.storyboard */ = {
			isa = PBXVariantGroup;
			children = (
				D30F145721F40D9F00C26EF5 /* Base */,
			);
			name = LaunchScreen.storyboard;
			sourceTree = "<group>";
		};
/* End PBXVariantGroup section */

/* Begin XCBuildConfiguration section */
		D30F147021F40DA000C26EF5 /* Debug */ = {
			isa = XCBuildConfiguration;
			buildSettings = {
				ALWAYS_SEARCH_USER_PATHS = NO;
				CLANG_ANALYZER_NONNULL = YES;
				CLANG_ANALYZER_NUMBER_OBJECT_CONVERSION = YES_AGGRESSIVE;
				CLANG_CXX_LANGUAGE_STANDARD = "gnu++14";
				CLANG_CXX_LIBRARY = "libc++";
				CLANG_ENABLE_MODULES = YES;
				CLANG_ENABLE_OBJC_ARC = YES;
				CLANG_ENABLE_OBJC_WEAK = YES;
				CLANG_WARN_BLOCK_CAPTURE_AUTORELEASING = YES;
				CLANG_WARN_BOOL_CONVERSION = YES;
				CLANG_WARN_COMMA = YES;
				CLANG_WARN_CONSTANT_CONVERSION = YES;
				CLANG_WARN_DEPRECATED_OBJC_IMPLEMENTATIONS = YES;
				CLANG_WARN_DIRECT_OBJC_ISA_USAGE = YES_ERROR;
				CLANG_WARN_DOCUMENTATION_COMMENTS = YES;
				CLANG_WARN_EMPTY_BODY = YES;
				CLANG_WARN_ENUM_CONVERSION = YES;
				CLANG_WARN_INFINITE_RECURSION = YES;
				CLANG_WARN_INT_CONVERSION = YES;
				CLANG_WARN_NON_LITERAL_NULL_CONVERSION = YES;
				CLANG_WARN_OBJC_IMPLICIT_RETAIN_SELF = YES;
				CLANG_WARN_OBJC_LITERAL_CONVERSION = YES;
				CLANG_WARN_OBJC_ROOT_CLASS = YES_ERROR;
				CLANG_WARN_RANGE_LOOP_ANALYSIS = YES;
				CLANG_WARN_STRICT_PROTOTYPES = YES;
				CLANG_WARN_SUSPICIOUS_MOVE = YES;
				CLANG_WARN_UNGUARDED_AVAILABILITY = YES_AGGRESSIVE;
				CLANG_WARN_UNREACHABLE_CODE = YES;
				CLANG_WARN__DUPLICATE_METHOD_MATCH = YES;
				CODE_SIGN_IDENTITY = "iPhone Developer";
				COPY_PHASE_STRIP = NO;
				DEBUG_INFORMATION_FORMAT = dwarf;
				ENABLE_STRICT_OBJC_MSGSEND = YES;
				ENABLE_TESTABILITY = YES;
				GCC_C_LANGUAGE_STANDARD = gnu11;
				GCC_DYNAMIC_NO_PIC = NO;
				GCC_NO_COMMON_BLOCKS = YES;
				GCC_OPTIMIZATION_LEVEL = 0;
				GCC_PREPROCESSOR_DEFINITIONS = (
					"DEBUG=1",
					"$(inherited)",
				);
				GCC_WARN_64_TO_32_BIT_CONVERSION = YES;
				GCC_WARN_ABOUT_RETURN_TYPE = YES_ERROR;
				GCC_WARN_UNDECLARED_SELECTOR = YES;
				GCC_WARN_UNINITIALIZED_AUTOS = YES_AGGRESSIVE;
				GCC_WARN_UNUSED_FUNCTION = YES;
				GCC_WARN_UNUSED_VARIABLE = YES;
				IPHONEOS_DEPLOYMENT_TARGET = 12.1;
				MTL_ENABLE_DEBUG_INFO = INCLUDE_SOURCE;
				MTL_FAST_MATH = YES;
				ONLY_ACTIVE_ARCH = YES;
				SDKROOT = iphoneos;
				SWIFT_ACTIVE_COMPILATION_CONDITIONS = DEBUG;
				SWIFT_OPTIMIZATION_LEVEL = "-Onone";
			};
			name = Debug;
		};
		D30F147121F40DA000C26EF5 /* Release */ = {
			isa = XCBuildConfiguration;
			buildSettings = {
				ALWAYS_SEARCH_USER_PATHS = NO;
				CLANG_ANALYZER_NONNULL = YES;
				CLANG_ANALYZER_NUMBER_OBJECT_CONVERSION = YES_AGGRESSIVE;
				CLANG_CXX_LANGUAGE_STANDARD = "gnu++14";
				CLANG_CXX_LIBRARY = "libc++";
				CLANG_ENABLE_MODULES = YES;
				CLANG_ENABLE_OBJC_ARC = YES;
				CLANG_ENABLE_OBJC_WEAK = YES;
				CLANG_WARN_BLOCK_CAPTURE_AUTORELEASING = YES;
				CLANG_WARN_BOOL_CONVERSION = YES;
				CLANG_WARN_COMMA = YES;
				CLANG_WARN_CONSTANT_CONVERSION = YES;
				CLANG_WARN_DEPRECATED_OBJC_IMPLEMENTATIONS = YES;
				CLANG_WARN_DIRECT_OBJC_ISA_USAGE = YES_ERROR;
				CLANG_WARN_DOCUMENTATION_COMMENTS = YES;
				CLANG_WARN_EMPTY_BODY = YES;
				CLANG_WARN_ENUM_CONVERSION = YES;
				CLANG_WARN_INFINITE_RECURSION = YES;
				CLANG_WARN_INT_CONVERSION = YES;
				CLANG_WARN_NON_LITERAL_NULL_CONVERSION = YES;
				CLANG_WARN_OBJC_IMPLICIT_RETAIN_SELF = YES;
				CLANG_WARN_OBJC_LITERAL_CONVERSION = YES;
				CLANG_WARN_OBJC_ROOT_CLASS = YES_ERROR;
				CLANG_WARN_RANGE_LOOP_ANALYSIS = YES;
				CLANG_WARN_STRICT_PROTOTYPES = YES;
				CLANG_WARN_SUSPICIOUS_MOVE = YES;
				CLANG_WARN_UNGUARDED_AVAILABILITY = YES_AGGRESSIVE;
				CLANG_WARN_UNREACHABLE_CODE = YES;
				CLANG_WARN__DUPLICATE_METHOD_MATCH = YES;
				CODE_SIGN_IDENTITY = "iPhone Developer";
				COPY_PHASE_STRIP = NO;
				DEBUG_INFORMATION_FORMAT = "dwarf-with-dsym";
				ENABLE_NS_ASSERTIONS = NO;
				ENABLE_STRICT_OBJC_MSGSEND = YES;
				GCC_C_LANGUAGE_STANDARD = gnu11;
				GCC_NO_COMMON_BLOCKS = YES;
				GCC_WARN_64_TO_32_BIT_CONVERSION = YES;
				GCC_WARN_ABOUT_RETURN_TYPE = YES_ERROR;
				GCC_WARN_UNDECLARED_SELECTOR = YES;
				GCC_WARN_UNINITIALIZED_AUTOS = YES_AGGRESSIVE;
				GCC_WARN_UNUSED_FUNCTION = YES;
				GCC_WARN_UNUSED_VARIABLE = YES;
				IPHONEOS_DEPLOYMENT_TARGET = 12.1;
				MTL_ENABLE_DEBUG_INFO = NO;
				MTL_FAST_MATH = YES;
				SDKROOT = iphoneos;
				SWIFT_COMPILATION_MODE = wholemodule;
				SWIFT_OPTIMIZATION_LEVEL = "-O";
				VALIDATE_PRODUCT = YES;
			};
			name = Release;
		};
		D30F147321F40DA000C26EF5 /* Debug */ = {
			isa = XCBuildConfiguration;
			buildSettings = {
				ASSETCATALOG_COMPILER_APPICON_NAME = AppIcon;
				CODE_SIGN_STYLE = Automatic;
				DEVELOPMENT_TEAM = 2X6AD4W323;
				INFOPLIST_FILE = SampleProject_PresentationController/Info.plist;
				LD_RUNPATH_SEARCH_PATHS = (
					"$(inherited)",
					"@executable_path/Frameworks",
				);
				PRODUCT_BUNDLE_IDENTIFIER = "Fumiya.SampleProject-PresentationController";
				PRODUCT_NAME = "$(TARGET_NAME)";
				SWIFT_VERSION = 4.2;
				TARGETED_DEVICE_FAMILY = "1,2";
			};
			name = Debug;
		};
		D30F147421F40DA000C26EF5 /* Release */ = {
			isa = XCBuildConfiguration;
			buildSettings = {
				ASSETCATALOG_COMPILER_APPICON_NAME = AppIcon;
				CODE_SIGN_STYLE = Automatic;
				DEVELOPMENT_TEAM = 2X6AD4W323;
				INFOPLIST_FILE = SampleProject_PresentationController/Info.plist;
				LD_RUNPATH_SEARCH_PATHS = (
					"$(inherited)",
					"@executable_path/Frameworks",
				);
				PRODUCT_BUNDLE_IDENTIFIER = "Fumiya.SampleProject-PresentationController";
				PRODUCT_NAME = "$(TARGET_NAME)";
				SWIFT_VERSION = 4.2;
				TARGETED_DEVICE_FAMILY = "1,2";
			};
			name = Release;
		};
		D30F147621F40DA000C26EF5 /* Debug */ = {
			isa = XCBuildConfiguration;
			buildSettings = {
				ALWAYS_EMBED_SWIFT_STANDARD_LIBRARIES = YES;
				BUNDLE_LOADER = "$(TEST_HOST)";
				CODE_SIGN_STYLE = Automatic;
				DEVELOPMENT_TEAM = 2X6AD4W323;
				INFOPLIST_FILE = SampleProject_PresentationControllerTests/Info.plist;
				LD_RUNPATH_SEARCH_PATHS = (
					"$(inherited)",
					"@executable_path/Frameworks",
					"@loader_path/Frameworks",
				);
				PRODUCT_BUNDLE_IDENTIFIER = "Fumiya.SampleProject-PresentationControllerTests";
				PRODUCT_NAME = "$(TARGET_NAME)";
				SWIFT_VERSION = 4.2;
				TARGETED_DEVICE_FAMILY = "1,2";
				TEST_HOST = "$(BUILT_PRODUCTS_DIR)/SampleProject_PresentationController.app/SampleProject_PresentationController";
			};
			name = Debug;
		};
		D30F147721F40DA000C26EF5 /* Release */ = {
			isa = XCBuildConfiguration;
			buildSettings = {
				ALWAYS_EMBED_SWIFT_STANDARD_LIBRARIES = YES;
				BUNDLE_LOADER = "$(TEST_HOST)";
				CODE_SIGN_STYLE = Automatic;
				DEVELOPMENT_TEAM = 2X6AD4W323;
				INFOPLIST_FILE = SampleProject_PresentationControllerTests/Info.plist;
				LD_RUNPATH_SEARCH_PATHS = (
					"$(inherited)",
					"@executable_path/Frameworks",
					"@loader_path/Frameworks",
				);
				PRODUCT_BUNDLE_IDENTIFIER = "Fumiya.SampleProject-PresentationControllerTests";
				PRODUCT_NAME = "$(TARGET_NAME)";
				SWIFT_VERSION = 4.2;
				TARGETED_DEVICE_FAMILY = "1,2";
				TEST_HOST = "$(BUILT_PRODUCTS_DIR)/SampleProject_PresentationController.app/SampleProject_PresentationController";
			};
			name = Release;
		};
		D30F147921F40DA000C26EF5 /* Debug */ = {
			isa = XCBuildConfiguration;
			buildSettings = {
				ALWAYS_EMBED_SWIFT_STANDARD_LIBRARIES = YES;
				CODE_SIGN_STYLE = Automatic;
				DEVELOPMENT_TEAM = 2X6AD4W323;
				INFOPLIST_FILE = SampleProject_PresentationControllerUITests/Info.plist;
				LD_RUNPATH_SEARCH_PATHS = (
					"$(inherited)",
					"@executable_path/Frameworks",
					"@loader_path/Frameworks",
				);
				PRODUCT_BUNDLE_IDENTIFIER = "Fumiya.SampleProject-PresentationControllerUITests";
				PRODUCT_NAME = "$(TARGET_NAME)";
				SWIFT_VERSION = 4.2;
				TARGETED_DEVICE_FAMILY = "1,2";
				TEST_TARGET_NAME = SampleProject_PresentationController;
			};
			name = Debug;
		};
		D30F147A21F40DA000C26EF5 /* Release */ = {
			isa = XCBuildConfiguration;
			buildSettings = {
				ALWAYS_EMBED_SWIFT_STANDARD_LIBRARIES = YES;
				CODE_SIGN_STYLE = Automatic;
				DEVELOPMENT_TEAM = 2X6AD4W323;
				INFOPLIST_FILE = SampleProject_PresentationControllerUITests/Info.plist;
				LD_RUNPATH_SEARCH_PATHS = (
					"$(inherited)",
					"@executable_path/Frameworks",
					"@loader_path/Frameworks",
				);
				PRODUCT_BUNDLE_IDENTIFIER = "Fumiya.SampleProject-PresentationControllerUITests";
				PRODUCT_NAME = "$(TARGET_NAME)";
				SWIFT_VERSION = 4.2;
				TARGETED_DEVICE_FAMILY = "1,2";
				TEST_TARGET_NAME = SampleProject_PresentationController;
			};
			name = Release;
		};
/* End XCBuildConfiguration section */

/* Begin XCConfigurationList section */
		D30F144521F40D9D00C26EF5 /* Build configuration list for PBXProject "SampleProject_PresentationController" */ = {
			isa = XCConfigurationList;
			buildConfigurations = (
				D30F147021F40DA000C26EF5 /* Debug */,
				D30F147121F40DA000C26EF5 /* Release */,
			);
			defaultConfigurationIsVisible = 0;
			defaultConfigurationName = Release;
		};
		D30F147221F40DA000C26EF5 /* Build configuration list for PBXNativeTarget "SampleProject_PresentationController" */ = {
			isa = XCConfigurationList;
			buildConfigurations = (
				D30F147321F40DA000C26EF5 /* Debug */,
				D30F147421F40DA000C26EF5 /* Release */,
			);
			defaultConfigurationIsVisible = 0;
			defaultConfigurationName = Release;
		};
		D30F147521F40DA000C26EF5 /* Build configuration list for PBXNativeTarget "SampleProject_PresentationControllerTests" */ = {
			isa = XCConfigurationList;
			buildConfigurations = (
				D30F147621F40DA000C26EF5 /* Debug */,
				D30F147721F40DA000C26EF5 /* Release */,
			);
			defaultConfigurationIsVisible = 0;
			defaultConfigurationName = Release;
		};
		D30F147821F40DA000C26EF5 /* Build configuration list for PBXNativeTarget "SampleProject_PresentationControllerUITests" */ = {
			isa = XCConfigurationList;
			buildConfigurations = (
				D30F147921F40DA000C26EF5 /* Debug */,
				D30F147A21F40DA000C26EF5 /* Release */,
			);
			defaultConfigurationIsVisible = 0;
			defaultConfigurationName = Release;
		};
/* End XCConfigurationList section */
	};
	rootObject = D30F144221F40D9D00C26EF5 /* Project object */;
}
